# THIS IS AN AUTOGENERATED FILE. DO NOT EDIT THIS FILE DIRECTLY.
# yarn lockfile v1


deep-diff@^1.0.2:
  version "1.0.2"
  resolved "https://registry.yarnpkg.com/deep-diff/-/deep-diff-1.0.2.tgz#afd3d1f749115be965e89c63edc7abb1506b9c26"
  integrity sha512-aWS3UIVH+NPGCD1kki+DCU9Dua032iSsO43LqQpcs4R3+dVv7tX0qBGjiVHJHjplsoUM2XRO/KB92glqc68awg==

node-fetch@^2.3.0:
  version "2.3.0"
  resolved "https://registry.yarnpkg.com/node-fetch/-/node-fetch-2.3.0.tgz#1a1d940bbfb916a1d3e0219f037e89e71f8c5fa5"
  integrity sha512-MOd8pV3fxENbryESLgVIeaGKrdl+uaYhCSSVkjeOb/31/njTpcis5aWfdqgNlHIrKOLRbMnfPINPOML2CIFeXA==

sleep-promise@^8.0.1:
  version "8.0.1"
  resolved "https://registry.yarnpkg.com/sleep-promise/-/sleep-promise-8.0.1.tgz#8d795a27ea23953df6b52b91081e5e22665993c5"
  integrity sha1-jXlaJ+ojlT32tSuRCB5eImZZk8U=

zeppelin-solidity@^1.12.0:
  version "1.12.0"
  resolved "https://registry.yarnpkg.com/zeppelin-solidity/-/zeppelin-solidity-1.12.0.tgz#427edf8e0041ec8600875d3cb8fc9395f33ccfff"
  integrity sha512-dgjPPnTmx14hAbTeOpTKemDeDCDdwglS0nquOAJG8h5o9zlb43FZafQSrMlIUUSp1EisDZfehrp5loGEYXHZBA==
